
Microsoft Visual Studio Solution File, Format Version 12.00
# Visual Studio Version 17
VisualStudioVersion = 17.9.34728.123
MinimumVisualStudioVersion = 10.0.40219.1
Project("{FAE04EC0-301F-11D3-BF4B-00C04F79EFBC}") = "Kitaplik", "Kitaplik.csproj", "{F7151470-5E67-466F-A8E0-2A6CACA37D84}"
EndProject
Global
	GlobalSection(SolutionConfigurationPlatforms) = preSolution
		Debug|Any CPU = Debug|Any CPU
		Release|Any CPU = Release|Any CPU
	EndGlobalSection
	GlobalSection(ProjectConfigurationPlatforms) = postSolution
		{F7151470-5E67-466F-A8E0-2A6CACA37D84}.Debug|Any CPU.ActiveCfg = Debug|Any CPU
		{F7151470-5E67-466F-A8E0-2A6CACA37D84}.Debug|Any CPU.Build.0 = Debug|Any CPU
		{F7151470-5E67-466F-A8E0-2A6CACA37D84}.Release|Any CPU.ActiveCfg = Release|Any CPU
		{F7151470-5E67-466F-A8E0-2A6CACA37D84}.Release|Any CPU.Build.0 = Release|Any CPU
	EndGlobalSection
	GlobalSection(SolutionProperties) = preSolution
		HideSolutionNode = FALSE
	EndGlobalSection
	GlobalSection(ExtensibilityGlobals) = postSolution
		SolutionGuid = {89CD6D56-D601-4FDA-86B5-A7FBA5736E74}
	EndGlobalSection
EndGlobal
